// !$*UTF8*$!
{
	archiveVersion = 1;
	classes = {
	};
	objectVersion = 55;
	objects = {

/* Begin PBXBuildFile section */
		2177029C28BAFFAD003B3886 /* AppDelegate.swift in Sources */ = {isa = PBXBuildFile; fileRef = 2177029B28BAFFAD003B3886 /* AppDelegate.swift */; };
		2177029E28BAFFAD003B3886 /* SceneDelegate.swift in Sources */ = {isa = PBXBuildFile; fileRef = 2177029D28BAFFAD003B3886 /* SceneDelegate.swift */; };
		217702A028BAFFAD003B3886 /* ViewController.swift in Sources */ = {isa = PBXBuildFile; fileRef = 2177029F28BAFFAD003B3886 /* ViewController.swift */; };
		217702A328BAFFAD003B3886 /* Main.storyboard in Resources */ = {isa = PBXBuildFile; fileRef = 217702A128BAFFAD003B3886 /* Main.storyboard */; };
		217702A528BAFFB0003B3886 /* Assets.xcassets in Resources */ = {isa = PBXBuildFile; fileRef = 217702A428BAFFB0003B3886 /* Assets.xcassets */; };
		217702A828BAFFB0003B3886 /* LaunchScreen.storyboard in Resources */ = {isa = PBXBuildFile; fileRef = 217702A628BAFFB0003B3886 /* LaunchScreen.storyboard */; };
		217702B028BB0716003B3886 /* SayfaA.swift in Sources */ = {isa = PBXBuildFile; fileRef = 217702AF28BB0716003B3886 /* SayfaA.swift */; };
		217702B228BB072C003B3886 /* SayfaB.swift in Sources */ = {isa = PBXBuildFile; fileRef = 217702B128BB072C003B3886 /* SayfaB.swift */; };
		217702B428BB0962003B3886 /* SayfaY.swift in Sources */ = {isa = PBXBuildFile; fileRef = 217702B328BB0962003B3886 /* SayfaY.swift */; };
		217702B628BB0983003B3886 /* SayfaX.swift in Sources */ = {isa = PBXBuildFile; fileRef = 217702B528BB0983003B3886 /* SayfaX.swift */; };
/* End PBXBuildFile section */

/* Begin PBXFileReference section */
		2177029828BAFFAD003B3886 /* odev4.app */ = {isa = PBXFileReference; explicitFileType = wrapper.application; includeInIndex = 0; path = odev4.app; sourceTree = BUILT_PRODUCTS_DIR; };
		2177029B28BAFFAD003B3886 /* AppDelegate.swift */ = {isa = PBXFileReference; lastKnownFileType = sourcecode.swift; path = AppDelegate.swift; sourceTree = "<group>"; };
		2177029D28BAFFAD003B3886 /* SceneDelegate.swift */ = {isa = PBXFileReference; lastKnownFileType = sourcecode.swift; path = SceneDelegate.swift; sourceTree = "<group>"; };
		2177029F28BAFFAD003B3886 /* ViewController.swift */ = {isa = PBXFileReference; lastKnownFileType = sourcecode.swift; path = ViewController.swift; sourceTree = "<group>"; };
		217702A228BAFFAD003B3886 /* Base */ = {isa = PBXFileReference; lastKnownFileType = file.storyboard; name = Base; path = Base.lproj/Main.storyboard; sourceTree = "<group>"; };
		217702A428BAFFB0003B3886 /* Assets.xcassets */ = {isa = PBXFileReference; lastKnownFileType = folder.assetcatalog; path = Assets.xcassets; sourceTree = "<group>"; };
		217702A728BAFFB0003B3886 /* Base */ = {isa = PBXFileReference; lastKnownFileType = file.storyboard; name = Base; path = Base.lproj/LaunchScreen.storyboard; sourceTree = "<group>"; };
		217702A928BAFFB0003B3886 /* Info.plist */ = {isa = PBXFileReference; lastKnownFileType = text.plist.xml; path = Info.plist; sourceTree = "<group>"; };
		217702AF28BB0716003B3886 /* SayfaA.swift */ = {isa = PBXFileReference; lastKnownFileType = sourcecode.swift; path = SayfaA.swift; sourceTree = "<group>"; };
		217702B128BB072C003B3886 /* SayfaB.swift */ = {isa = PBXFileReference; lastKnownFileType = sourcecode.swift; path = SayfaB.swift; sourceTree = "<group>"; };
		217702B328BB0962003B3886 /* SayfaY.swift */ = {isa = PBXFileReference; lastKnownFileType = sourcecode.swift; path = SayfaY.swift; sourceTree = "<group>"; };
		217702B528BB0983003B3886 /* SayfaX.swift */ = {isa = PBXFileReference; lastKnownFileType = sourcecode.swift; path = SayfaX.swift; sourceTree = "<group>"; };
/* End PBXFileReference section */

/* Begin PBXFrameworksBuildPhase section */
		2177029528BAFFAD003B3886 /* Frameworks */ = {
			isa = PBXFrameworksBuildPhase;
			buildActionMask = 2147483647;
			files = (
			);
			runOnlyForDeploymentPostprocessing = 0;
		};
/* End PBXFrameworksBuildPhase section */

/* Begin PBXGroup section */
		2177028F28BAFFAD003B3886 = {
			isa = PBXGroup;
			children = (
				2177029A28BAFFAD003B3886 /* odev4 */,
				2177029928BAFFAD003B3886 /* Products */,
			);
			sourceTree = "<group>";
		};
		2177029928BAFFAD003B3886 /* Products */ = {
			isa = PBXGroup;
			children = (
				2177029828BAFFAD003B3886 /* odev4.app */,
			);
			name = Products;
			sourceTree = "<group>";
		};
		2177029A28BAFFAD003B3886 /* odev4 */ = {
			isa = PBXGroup;
			children = (
				2177029B28BAFFAD003B3886 /* AppDelegate.swift */,
				2177029D28BAFFAD003B3886 /* SceneDelegate.swift */,
				2177029F28BAFFAD003B3886 /* ViewController.swift */,
				217702B528BB0983003B3886 /* SayfaX.swift */,
				217702B328BB0962003B3886 /* SayfaY.swift */,
				217702B128BB072C003B3886 /* SayfaB.swift */,
				217702AF28BB0716003B3886 /* SayfaA.swift */,
				217702A128BAFFAD003B3886 /* Main.storyboard */,
				217702A428BAFFB0003B3886 /* Assets.xcassets */,
				217702A628BAFFB0003B3886 /* LaunchScreen.storyboard */,
				217702A928BAFFB0003B3886 /* Info.plist */,
			);
			path = odev4;
			sourceTree = "<group>";
		};
/* End PBXGroup section */

/* Begin PBXNativeTarget section */
		2177029728BAFFAD003B3886 /* odev4 */ = {
			isa = PBXNativeTarget;
			buildConfigurationList = 217702AC28BAFFB0003B3886 /* Build configuration list for PBXNativeTarget "odev4" */;
			buildPhases = (
				2177029428BAFFAD003B3886 /* Sources */,
				2177029528BAFFAD003B3886 /* Frameworks */,
				2177029628BAFFAD003B3886 /* Resources */,
			);
			buildRules = (
			);
			dependencies = (
			);
			name = odev4;
			productName = odev4;
			productReference = 2177029828BAFFAD003B3886 /* odev4.app */;
			productType = "com.apple.product-type.application";
		};
/* End PBXNativeTarget section */

/* Begin PBXProject section */
		2177029028BAFFAD003B3886 /* Project object */ = {
			isa = PBXProject;
			attributes = {
				BuildIndependentTargetsInParallel = 1;
				LastSwiftUpdateCheck = 1320;
				LastUpgradeCheck = 1320;
				TargetAttributes = {
					2177029728BAFFAD003B3886 = {
						CreatedOnToolsVersion = 13.2.1;
					};
				};
			};
			buildConfigurationList = 2177029328BAFFAD003B3886 /* Build configuration list for PBXProject "odev4" */;
			compatibilityVersion = "Xcode 13.0";
			developmentRegion = en;
			hasScannedForEncodings = 0;
			knownRegions = (
				en,
				Base,
			);
			mainGroup = 2177028F28BAFFAD003B3886;
			productRefGroup = 2177029928BAFFAD003B3886 /* Products */;
			projectDirPath = "";
			projectRoot = "";
			targets = (
				2177029728BAFFAD003B3886 /* odev4 */,
			);
		};
/* End PBXProject section */

/* Begin PBXResourcesBuildPhase section */
		2177029628BAFFAD003B3886 /* Resources */ = {
			isa = PBXResourcesBuildPhase;
			buildActionMask = 2147483647;
			files = (
				217702A828BAFFB0003B3886 /* LaunchScreen.storyboard in Resources */,
				217702A528BAFFB0003B3886 /* Assets.xcassets in Resources */,
				217702A328BAFFAD003B3886 /* Main.storyboard in Resources */,
			);
			runOnlyForDeploymentPostprocessing = 0;
		};
/* End PBXResourcesBuildPhase section */

/* Begin PBXSourcesBuildPhase section */
		2177029428BAFFAD003B3886 /* Sources */ = {
			isa = PBXSourcesBuildPhase;
			buildActionMask = 2147483647;
			files = (
				217702B628BB0983003B3886 /* SayfaX.swift in Sources */,
				217702B428BB0962003B3886 /* SayfaY.swift in Sources */,
				217702B028BB0716003B3886 /* SayfaA.swift in Sources */,
				217702A028BAFFAD003B3886 /* ViewController.swift in Sources */,
				217702B228BB072C003B3886 /* SayfaB.swift in Sources */,
				2177029C28BAFFAD003B3886 /* AppDelegate.swift in Sources */,
				2177029E28BAFFAD003B3886 /* SceneDelegate.swift in Sources */,
			);
			runOnlyForDeploymentPostprocessing = 0;
		};
/* End PBXSourcesBuildPhase section */

/* Begin PBXVariantGroup section */
		217702A128BAFFAD003B3886 /* Main.storyboard */ = {
			isa = PBXVariantGroup;
			children = (
				217702A228BAFFAD003B3886 /* Base */,
			);
			name = Main.storyboard;
			sourceTree = "<group>";
		};
		217702A628BAFFB0003B3886 /* LaunchScreen.storyboard */ = {
			isa = PBXVariantGroup;
			children = (
				217702A728BAFFB0003B3886 /* Base */,
			);
			name = LaunchScreen.storyboard;
			sourceTree = "<group>";
		};
/* End PBXVariantGroup section */

/* Begin XCBuildConfiguration section */
		217702AA28BAFFB0003B3886 /* Debug */ = {
			isa = XCBuildConfiguration;
			buildSettings = {
				ALWAYS_SEARCH_USER_PATHS = NO;
				CLANG_ANALYZER_NONNULL = YES;
				CLANG_ANALYZER_NUMBER_OBJECT_CONVERSION = YES_AGGRESSIVE;
				CLANG_CXX_LANGUAGE_STANDARD = "gnu++17";
				CLANG_CXX_LIBRARY = "libc++";
				CLANG_ENABLE_MODULES = YES;
				CLANG_ENABLE_OBJC_ARC = YES;
				CLANG_ENABLE_OBJC_WEAK = YES;
				CLANG_WARN_BLOCK_CAPTURE_AUTORELEASING = YES;
				CLANG_WARN_BOOL_CONVERSION = YES;
				CLANG_WARN_COMMA = YES;
				CLANG_WARN_CONSTANT_CONVERSION = YES;
				CLANG_WARN_DEPRECATED_OBJC_IMPLEMENTATIONS = YES;
				CLANG_WARN_DIRECT_OBJC_ISA_USAGE = YES_ERROR;
				CLANG_WARN_DOCUMENTATION_COMMENTS = YES;
				CLANG_WARN_EMPTY_BODY = YES;
				CLANG_WARN_ENUM_CONVERSION = YES;
				CLANG_WARN_INFINITE_RECURSION = YES;
				CLANG_WARN_INT_CONVERSION = YES;
				CLANG_WARN_NON_LITERAL_NULL_CONVERSION = YES;
				CLANG_WARN_OBJC_IMPLICIT_RETAIN_SELF = YES;
				CLANG_WARN_OBJC_LITERAL_CONVERSION = YES;
				CLANG_WARN_OBJC_ROOT_CLASS = YES_ERROR;
				CLANG_WARN_QUOTED_INCLUDE_IN_FRAMEWORK_HEADER = YES;
				CLANG_WARN_RANGE_LOOP_ANALYSIS = YES;
				CLANG_WARN_STRICT_PROTOTYPES = YES;
				CLANG_WARN_SUSPICIOUS_MOVE = YES;
				CLANG_WARN_UNGUARDED_AVAILABILITY = YES_AGGRESSIVE;
				CLANG_WARN_UNREACHABLE_CODE = YES;
				CLANG_WARN__DUPLICATE_METHOD_MATCH = YES;
				COPY_PHASE_STRIP = NO;
				DEBUG_INFORMATION_FORMAT = dwarf;
				ENABLE_STRICT_OBJC_MSGSEND = YES;
				ENABLE_TESTABILITY = YES;
				GCC_C_LANGUAGE_STANDARD = gnu11;
				GCC_DYNAMIC_NO_PIC = NO;
				GCC_NO_COMMON_BLOCKS = YES;
				GCC_OPTIMIZATION_LEVEL = 0;
				GCC_PREPROCESSOR_DEFINITIONS = (
					"DEBUG=1",
					"$(inherited)",
				);
				GCC_WARN_64_TO_32_BIT_CONVERSION = YES;
				GCC_WARN_ABOUT_RETURN_TYPE = YES_ERROR;
				GCC_WARN_UNDECLARED_SELECTOR = YES;
				GCC_WARN_UNINITIALIZED_AUTOS = YES_AGGRESSIVE;
				GCC_WARN_UNUSED_FUNCTION = YES;
				GCC_WARN_UNUSED_VARIABLE = YES;
				IPHONEOS_DEPLOYMENT_TARGET = 15.2;
				MTL_ENABLE_DEBUG_INFO = INCLUDE_SOURCE;
				MTL_FAST_MATH = YES;
				ONLY_ACTIVE_ARCH = YES;
				SDKROOT = iphoneos;
				SWIFT_ACTIVE_COMPILATION_CONDITIONS = DEBUG;
				SWIFT_OPTIMIZATION_LEVEL = "-Onone";
			};
			name = Debug;
		};
		217702AB28BAFFB0003B3886 /* Release */ = {
			isa = XCBuildConfiguration;
			buildSettings = {
				ALWAYS_SEARCH_USER_PATHS = NO;
				CLANG_ANALYZER_NONNULL = YES;
				CLANG_ANALYZER_NUMBER_OBJECT_CONVERSION = YES_AGGRESSIVE;
				CLANG_CXX_LANGUAGE_STANDARD = "gnu++17";
				CLANG_CXX_LIBRARY = "libc++";
				CLANG_ENABLE_MODULES = YES;
				CLANG_ENABLE_OBJC_ARC = YES;
				CLANG_ENABLE_OBJC_WEAK = YES;
				CLANG_WARN_BLOCK_CAPTURE_AUTORELEASING = YES;
				CLANG_WARN_BOOL_CONVERSION = YES;
				CLANG_WARN_COMMA = YES;
				CLANG_WARN_CONSTANT_CONVERSION = YES;
				CLANG_WARN_DEPRECATED_OBJC_IMPLEMENTATIONS = YES;
				CLANG_WARN_DIRECT_OBJC_ISA_USAGE = YES_ERROR;
				CLANG_WARN_DOCUMENTATION_COMMENTS = YES;
				CLANG_WARN_EMPTY_BODY = YES;
				CLANG_WARN_ENUM_CONVERSION = YES;
				CLANG_WARN_INFINITE_RECURSION = YES;
				CLANG_WARN_INT_CONVERSION = YES;
				CLANG_WARN_NON_LITERAL_NULL_CONVERSION = YES;
				CLANG_WARN_OBJC_IMPLICIT_RETAIN_SELF = YES;
				CLANG_WARN_OBJC_LITERAL_CONVERSION = YES;
				CLANG_WARN_OBJC_ROOT_CLASS = YES_ERROR;
				CLANG_WARN_QUOTED_INCLUDE_IN_FRAMEWORK_HEADER = YES;
				CLANG_WARN_RANGE_LOOP_ANALYSIS = YES;
				CLANG_WARN_STRICT_PROTOTYPES = YES;
				CLANG_WARN_SUSPICIOUS_MOVE = YES;
				CLANG_WARN_UNGUARDED_AVAILABILITY = YES_AGGRESSIVE;
				CLANG_WARN_UNREACHABLE_CODE = YES;
				CLANG_WARN__DUPLICATE_METHOD_MATCH = YES;
				COPY_PHASE_STRIP = NO;
				DEBUG_INFORMATION_FORMAT = "dwarf-with-dsym";
				ENABLE_NS_ASSERTIONS = NO;
				ENABLE_STRICT_OBJC_MSGSEND = YES;
				GCC_C_LANGUAGE_STANDARD = gnu11;
				GCC_NO_COMMON_BLOCKS = YES;
				GCC_WARN_64_TO_32_BIT_CONVERSION = YES;
				GCC_WARN_ABOUT_RETURN_TYPE = YES_ERROR;
				GCC_WARN_UNDECLARED_SELECTOR = YES;
				GCC_WARN_UNINITIALIZED_AUTOS = YES_AGGRESSIVE;
				GCC_WARN_UNUSED_FUNCTION = YES;
				GCC_WARN_UNUSED_VARIABLE = YES;
				IPHONEOS_DEPLOYMENT_TARGET = 15.2;
				MTL_ENABLE_DEBUG_INFO = NO;
				MTL_FAST_MATH = YES;
				SDKROOT = iphoneos;
				SWIFT_COMPILATION_MODE = wholemodule;
				SWIFT_OPTIMIZATION_LEVEL = "-O";
				VALIDATE_PRODUCT = YES;
			};
			name = Release;
		};
		217702AD28BAFFB0003B3886 /* Debug */ = {
			isa = XCBuildConfiguration;
			buildSettings = {
				ASSETCATALOG_COMPILER_APPICON_NAME = AppIcon;
				ASSETCATALOG_COMPILER_GLOBAL_ACCENT_COLOR_NAME = AccentColor;
				CODE_SIGN_STYLE = Automatic;
				CURRENT_PROJECT_VERSION = 1;
				DEVELOPMENT_TEAM = L8L2J673ZB;
				GENERATE_INFOPLIST_FILE = YES;
				INFOPLIST_FILE = odev4/Info.plist;
				INFOPLIST_KEY_UIApplicationSupportsIndirectInputEvents = YES;
				INFOPLIST_KEY_UILaunchStoryboardName = LaunchScreen;
				INFOPLIST_KEY_UIMainStoryboardFile = Main;
				INFOPLIST_KEY_UISupportedInterfaceOrientations_iPad = "UIInterfaceOrientationPortrait UIInterfaceOrientationPortraitUpsideDown UIInterfaceOrientationLandscapeLeft UIInterfaceOrientationLandscapeRight";
				INFOPLIST_KEY_UISupportedInterfaceOrientations_iPhone = "UIInterfaceOrientationPortrait UIInterfaceOrientationLandscapeLeft UIInterfaceOrientationLandscapeRight";
				LD_RUNPATH_SEARCH_PATHS = (
					"$(inherited)",
					"@executable_path/Frameworks",
				);
				MARKETING_VERSION = 1.0;
				PRODUCT_BUNDLE_IDENTIFIER = com.info.odev4;
				PRODUCT_NAME = "$(TARGET_NAME)";
				SWIFT_EMIT_LOC_STRINGS = YES;
				SWIFT_VERSION = 5.0;
				TARGETED_DEVICE_FAMILY = "1,2";
			};
			name = Debug;
		};
		217702AE28BAFFB0003B3886 /* Release */ = {
			isa = XCBuildConfiguration;
			buildSettings = {
				ASSETCATALOG_COMPILER_APPICON_NAME = AppIcon;
				ASSETCATALOG_COMPILER_GLOBAL_ACCENT_COLOR_NAME = AccentColor;
				CODE_SIGN_STYLE = Automatic;
				CURRENT_PROJECT_VERSION = 1;
				DEVELOPMENT_TEAM = L8L2J673ZB;
				GENERATE_INFOPLIST_FILE = YES;
				INFOPLIST_FILE = odev4/Info.plist;
				INFOPLIST_KEY_UIApplicationSupportsIndirectInputEvents = YES;
				INFOPLIST_KEY_UILaunchStoryboardName = LaunchScreen;
				INFOPLIST_KEY_UIMainStoryboardFile = Main;
				INFOPLIST_KEY_UISupportedInterfaceOrientations_iPad = "UIInterfaceOrientationPortrait UIInterfaceOrientationPortraitUpsideDown UIInterfaceOrientationLandscapeLeft UIInterfaceOrientationLandscapeRight";
				INFOPLIST_KEY_UISupportedInterfaceOrientations_iPhone = "UIInterfaceOrientationPortrait UIInterfaceOrientationLandscapeLeft UIInterfaceOrientationLandscapeRight";
				LD_RUNPATH_SEARCH_PATHS = (
					"$(inherited)",
					"@executable_path/Frameworks",
				);
				MARKETING_VERSION = 1.0;
				PRODUCT_BUNDLE_IDENTIFIER = com.info.odev4;
				PRODUCT_NAME = "$(TARGET_NAME)";
				SWIFT_EMIT_LOC_STRINGS = YES;
				SWIFT_VERSION = 5.0;
				TARGETED_DEVICE_FAMILY = "1,2";
			};
			name = Release;
		};
/* End XCBuildConfiguration section */

/* Begin XCConfigurationList section */
		2177029328BAFFAD003B3886 /* Build configuration list for PBXProject "odev4" */ = {
			isa = XCConfigurationList;
			buildConfigurations = (
				217702AA28BAFFB0003B3886 /* Debug */,
				217702AB28BAFFB0003B3886 /* Release */,
			);
			defaultConfigurationIsVisible = 0;
			defaultConfigurationName = Release;
		};
		217702AC28BAFFB0003B3886 /* Build configuration list for PBXNativeTarget "odev4" */ = {
			isa = XCConfigurationList;
			buildConfigurations = (
				217702AD28BAFFB0003B3886 /* Debug */,
				217702AE28BAFFB0003B3886 /* Release */,
			);
			defaultConfigurationIsVisible = 0;
			defaultConfigurationName = Release;
		};
/* End XCConfigurationList section */
	};
	rootObject = 2177029028BAFFAD003B3886 /* Project object */;
}
